<?xml version="1.0" encoding="utf-8"?>
<Project ToolsVersion="4.0" xmlns="http://schemas.microsoft.com/developer/msbuild/2003">
  <ItemGroup>
    <Filter Include="Source Files">
      <UniqueIdentifier>{4FC737F1-C7A5-4376-A066-2A32D752A2FF}</UniqueIdentifier>
      <Extensions>cpp;c;cc;cxx;c++;cppm;ixx;def;odl;idl;hpj;bat;asm;asmx</Extensions>
    </Filter>
    <Filter Include="Header Files">
      <UniqueIdentifier>{93995380-89BD-4b04-88EB-625FBE52EBFB}</UniqueIdentifier>
      <Extensions>h;hh;hpp;hxx;h++;hm;inl;inc;ipp;xsd</Extensions>
    </Filter>
    <Filter Include="Resource Files">
      <UniqueIdentifier>{67DA6AB6-F800-4c08-8B7A-83BB121AAD01}</UniqueIdentifier>
      <Extensions>rc;ico;cur;bmp;dlg;rc2;rct;bin;rgs;gif;jpg;jpeg;jpe;resx;tiff;tif;png;wav;mfcribbon-ms</Extensions>
    </Filter>
    <Filter Include="Pointers">
      <UniqueIdentifier>{52f4e422-3780-4c9a-89df-af6ab018b921}</UniqueIdentifier>
    </Filter>
    <Filter Include="Assignments">
      <UniqueIdentifier>{c0de05b5-1334-47e3-9401-89a7062e39f4}</UniqueIdentifier>
    </Filter>
    <Filter Include="Structures">
      <UniqueIdentifier>{e72ea5ab-f189-4bb0-8b03-1fd779ef372a}</UniqueIdentifier>
    </Filter>
  </ItemGroup>
  <ItemGroup>
    <ClCompile Include="main.c">
      <Filter>Source Files</Filter>
    </ClCompile>
    <ClCompile Include="test.c">
      <Filter>Source Files</Filter>
    </ClCompile>
    <ClCompile Include="assignment.c">
      <Filter>Source Files</Filter>
    </ClCompile>
    <ClCompile Include="patternprinting.c">
      <Filter>Source Files</Filter>
    </ClCompile>
    <ClCompile Include="Unit6Assignment.cpp">
      <Filter>Source Files</Filter>
    </ClCompile>
    <ClCompile Include="Pointers\pointer_stage_1.c">
      <Filter>Pointers</Filter>
    </ClCompile>
    <ClCompile Include="Assignment\unit7_part_II.c">
      <Filter>Assignments</Filter>
    </ClCompile>
    <ClCompile Include="Pointers\practice.c">
      <Filter>Pointers</Filter>
    </ClCompile>
    <ClCompile Include="structure\strpractice.c">
      <Filter>Structures</Filter>
    </ClCompile>
  </ItemGroup>
  <ItemGroup>
    <ClInclude Include="main.h">
      <Filter>Header Files</Filter>
    </ClInclude>
  </ItemGroup>
</Project>